// !$*UTF8*$!
{
	archiveVersion = 1;
	classes = {
	};
	objectVersion = 45;
	objects = {

/* Begin PBXBuildFile section */
		256AC3DA0F4B6AC300CF3369 /* TWMacAppDelegate.m in Sources */ = {isa = PBXBuildFile; fileRef = 256AC3D90F4B6AC300CF3369 /* TWMacAppDelegate.m */; };
		8B07B73D12B2A77F00D25603 /* TWGame.m in Sources */ = {isa = PBXBuildFile; fileRef = 8B07B73C12B2A77F00D25603 /* TWGame.m */; };
		8B07B74112B2A7BB00D25603 /* TWPlayer.m in Sources */ = {isa = PBXBuildFile; fileRef = 8B07B74012B2A7BB00D25603 /* TWPlayer.m */; };
		8B07B78612B2B26300D25603 /* MainMenu.xib in Resources */ = {isa = PBXBuildFile; fileRef = 1DDD58150DA1D0A300B32029 /* MainMenu.xib */; };
		8B07B78712B2B26900D25603 /* InfoPlist.strings in Resources */ = {isa = PBXBuildFile; fileRef = 089C165DFE840E0CC02AAC07 /* InfoPlist.strings */; };
		8B9B9A0012B29C6700C5B3B2 /* TWConnection.m in Sources */ = {isa = PBXBuildFile; fileRef = 8B9B99FF12B29C6700C5B3B2 /* TWConnection.m */; };
		8D11072D0486CEB800E47090 /* main.m in Sources */ = {isa = PBXBuildFile; fileRef = 29B97316FDCFA39411CA2CEA /* main.m */; settings = {ATTRIBUTES = (); }; };
		8D11072F0486CEB800E47090 /* Cocoa.framework in Frameworks */ = {isa = PBXBuildFile; fileRef = 1058C7A1FEA54F0111CA2CBB /* Cocoa.framework */; };
		9A04AC3512B4882800664CAD /* TWMacGameView.m in Sources */ = {isa = PBXBuildFile; fileRef = 9A04AC3412B4882800664CAD /* TWMacGameView.m */; };
		9A72AC1D12B2861900AD9F2F /* TWServer.m in Sources */ = {isa = PBXBuildFile; fileRef = 9A72AC1C12B2861900AD9F2F /* TWServer.m */; };
		9A8CE4F812B34D7F005E84F6 /* libChipmunk.a in Frameworks */ = {isa = PBXBuildFile; fileRef = 9A8CE4F712B34D7F005E84F6 /* libChipmunk.a */; };
		9A8CE53012B3EB84005E84F6 /* TWMacPlayerItem.m in Sources */ = {isa = PBXBuildFile; fileRef = 9A8CE52F12B3EB84005E84F6 /* TWMacPlayerItem.m */; };
		9AC9421312D99F4300189772 /* TWBullet.m in Sources */ = {isa = PBXBuildFile; fileRef = 9AC9421212D99F4300189772 /* TWBullet.m */; };
		9AE73B3512D9223B007440C2 /* TWMacGameWindowController.m in Sources */ = {isa = PBXBuildFile; fileRef = 9AE73B3412D9223B007440C2 /* TWMacGameWindowController.m */; };
/* End PBXBuildFile section */

/* Begin PBXFileReference section */
		089C165DFE840E0CC02AAC07 /* InfoPlist.strings */ = {isa = PBXFileReference; fileEncoding = 4; lastKnownFileType = text.plist.strings; path = InfoPlist.strings; sourceTree = "<group>"; };
		1058C7A1FEA54F0111CA2CBB /* Cocoa.framework */ = {isa = PBXFileReference; lastKnownFileType = wrapper.framework; name = Cocoa.framework; path = /System/Library/Frameworks/Cocoa.framework; sourceTree = "<absolute>"; };
		13E42FB307B3F0F600E4EEF1 /* CoreData.framework */ = {isa = PBXFileReference; lastKnownFileType = wrapper.framework; name = CoreData.framework; path = /System/Library/Frameworks/CoreData.framework; sourceTree = "<absolute>"; };
		1DDD58150DA1D0A300B32029 /* MainMenu.xib */ = {isa = PBXFileReference; lastKnownFileType = file.xib; path = MainMenu.xib; sourceTree = "<group>"; };
		256AC3D80F4B6AC300CF3369 /* TWMacAppDelegate.h */ = {isa = PBXFileReference; fileEncoding = 4; lastKnownFileType = sourcecode.c.h; path = TWMacAppDelegate.h; sourceTree = "<group>"; };
		256AC3D90F4B6AC300CF3369 /* TWMacAppDelegate.m */ = {isa = PBXFileReference; fileEncoding = 4; lastKnownFileType = sourcecode.c.objc; path = TWMacAppDelegate.m; sourceTree = "<group>"; };
		256AC3F00F4B6AF500CF3369 /* TankWars_Prefix.pch */ = {isa = PBXFileReference; fileEncoding = 4; lastKnownFileType = sourcecode.c.h; path = TankWars_Prefix.pch; sourceTree = "<group>"; };
		29B97316FDCFA39411CA2CEA /* main.m */ = {isa = PBXFileReference; fileEncoding = 4; lastKnownFileType = sourcecode.c.objc; path = main.m; sourceTree = "<group>"; };
		29B97324FDCFA39411CA2CEA /* AppKit.framework */ = {isa = PBXFileReference; lastKnownFileType = wrapper.framework; name = AppKit.framework; path = /System/Library/Frameworks/AppKit.framework; sourceTree = "<absolute>"; };
		29B97325FDCFA39411CA2CEA /* Foundation.framework */ = {isa = PBXFileReference; lastKnownFileType = wrapper.framework; name = Foundation.framework; path = /System/Library/Frameworks/Foundation.framework; sourceTree = "<absolute>"; };
		8B07B73812B2A68300D25603 /* TWServerDelegate.h */ = {isa = PBXFileReference; fileEncoding = 4; lastKnownFileType = sourcecode.c.h; path = TWServerDelegate.h; sourceTree = "<group>"; };
		8B07B73B12B2A77F00D25603 /* TWGame.h */ = {isa = PBXFileReference; fileEncoding = 4; lastKnownFileType = sourcecode.c.h; path = TWGame.h; sourceTree = "<group>"; };
		8B07B73C12B2A77F00D25603 /* TWGame.m */ = {isa = PBXFileReference; fileEncoding = 4; lastKnownFileType = sourcecode.c.objc; path = TWGame.m; sourceTree = "<group>"; };
		8B07B73F12B2A7BB00D25603 /* TWPlayer.h */ = {isa = PBXFileReference; fileEncoding = 4; lastKnownFileType = sourcecode.c.h; path = TWPlayer.h; sourceTree = "<group>"; };
		8B07B74012B2A7BB00D25603 /* TWPlayer.m */ = {isa = PBXFileReference; fileEncoding = 4; lastKnownFileType = sourcecode.c.objc; path = TWPlayer.m; sourceTree = "<group>"; };
		8B4257D312B2A0BC0047DC53 /* TWConnectionDelegate.h */ = {isa = PBXFileReference; fileEncoding = 4; lastKnownFileType = sourcecode.c.h; path = TWConnectionDelegate.h; sourceTree = "<group>"; };
		8B9B99FE12B29C6700C5B3B2 /* TWConnection.h */ = {isa = PBXFileReference; fileEncoding = 4; lastKnownFileType = sourcecode.c.h; path = TWConnection.h; sourceTree = "<group>"; };
		8B9B99FF12B29C6700C5B3B2 /* TWConnection.m */ = {isa = PBXFileReference; fileEncoding = 4; lastKnownFileType = sourcecode.c.objc; path = TWConnection.m; sourceTree = "<group>"; };
		8D1107310486CEB800E47090 /* TankWars-Info.plist */ = {isa = PBXFileReference; fileEncoding = 4; lastKnownFileType = text.plist.xml; path = "TankWars-Info.plist"; sourceTree = "<group>"; };
		8D1107320486CEB800E47090 /* TankWars.app */ = {isa = PBXFileReference; explicitFileType = wrapper.application; includeInIndex = 0; path = TankWars.app; sourceTree = BUILT_PRODUCTS_DIR; };
		9A04AC3312B4882800664CAD /* TWMacGameView.h */ = {isa = PBXFileReference; fileEncoding = 4; lastKnownFileType = sourcecode.c.h; path = TWMacGameView.h; sourceTree = "<group>"; };
		9A04AC3412B4882800664CAD /* TWMacGameView.m */ = {isa = PBXFileReference; fileEncoding = 4; lastKnownFileType = sourcecode.c.objc; path = TWMacGameView.m; sourceTree = "<group>"; };
		9A72AC1B12B2861900AD9F2F /* TWServer.h */ = {isa = PBXFileReference; fileEncoding = 4; lastKnownFileType = sourcecode.c.h; path = TWServer.h; sourceTree = "<group>"; };
		9A72AC1C12B2861900AD9F2F /* TWServer.m */ = {isa = PBXFileReference; fileEncoding = 4; lastKnownFileType = sourcecode.c.objc; path = TWServer.m; sourceTree = "<group>"; };
		9A77E82212DA712E00CB4938 /* TWCollisionTypes.h */ = {isa = PBXFileReference; fileEncoding = 4; lastKnownFileType = sourcecode.c.h; path = TWCollisionTypes.h; sourceTree = "<group>"; };
		9A8CE4DA12B34D5F005E84F6 /* chipmunk.h */ = {isa = PBXFileReference; fileEncoding = 4; lastKnownFileType = sourcecode.c.h; path = chipmunk.h; sourceTree = "<group>"; };
		9A8CE4DB12B34D5F005E84F6 /* chipmunk_ffi.h */ = {isa = PBXFileReference; fileEncoding = 4; lastKnownFileType = sourcecode.c.h; path = chipmunk_ffi.h; sourceTree = "<group>"; };
		9A8CE4DC12B34D5F005E84F6 /* chipmunk_private.h */ = {isa = PBXFileReference; fileEncoding = 4; lastKnownFileType = sourcecode.c.h; path = chipmunk_private.h; sourceTree = "<group>"; };
		9A8CE4DD12B34D5F005E84F6 /* chipmunk_types.h */ = {isa = PBXFileReference; fileEncoding = 4; lastKnownFileType = sourcecode.c.h; path = chipmunk_types.h; sourceTree = "<group>"; };
		9A8CE4DE12B34D5F005E84F6 /* chipmunk_unsafe.h */ = {isa = PBXFileReference; fileEncoding = 4; lastKnownFileType = sourcecode.c.h; path = chipmunk_unsafe.h; sourceTree = "<group>"; };
		9A8CE4E012B34D5F005E84F6 /* cpConstraint.h */ = {isa = PBXFileReference; fileEncoding = 4; lastKnownFileType = sourcecode.c.h; path = cpConstraint.h; sourceTree = "<group>"; };
		9A8CE4E112B34D5F005E84F6 /* cpDampedRotarySpring.h */ = {isa = PBXFileReference; fileEncoding = 4; lastKnownFileType = sourcecode.c.h; path = cpDampedRotarySpring.h; sourceTree = "<group>"; };
		9A8CE4E212B34D5F005E84F6 /* cpDampedSpring.h */ = {isa = PBXFileReference; fileEncoding = 4; lastKnownFileType = sourcecode.c.h; path = cpDampedSpring.h; sourceTree = "<group>"; };
		9A8CE4E312B34D5F005E84F6 /* cpGearJoint.h */ = {isa = PBXFileReference; fileEncoding = 4; lastKnownFileType = sourcecode.c.h; path = cpGearJoint.h; sourceTree = "<group>"; };
		9A8CE4E412B34D5F005E84F6 /* cpGrooveJoint.h */ = {isa = PBXFileReference; fileEncoding = 4; lastKnownFileType = sourcecode.c.h; path = cpGrooveJoint.h; sourceTree = "<group>"; };
		9A8CE4E512B34D5F005E84F6 /* cpPinJoint.h */ = {isa = PBXFileReference; fileEncoding = 4; lastKnownFileType = sourcecode.c.h; path = cpPinJoint.h; sourceTree = "<group>"; };
		9A8CE4E612B34D5F005E84F6 /* cpPivotJoint.h */ = {isa = PBXFileReference; fileEncoding = 4; lastKnownFileType = sourcecode.c.h; path = cpPivotJoint.h; sourceTree = "<group>"; };
		9A8CE4E712B34D5F005E84F6 /* cpRatchetJoint.h */ = {isa = PBXFileReference; fileEncoding = 4; lastKnownFileType = sourcecode.c.h; path = cpRatchetJoint.h; sourceTree = "<group>"; };
		9A8CE4E812B34D5F005E84F6 /* cpRotaryLimitJoint.h */ = {isa = PBXFileReference; fileEncoding = 4; lastKnownFileType = sourcecode.c.h; path = cpRotaryLimitJoint.h; sourceTree = "<group>"; };
		9A8CE4E912B34D5F005E84F6 /* cpSimpleMotor.h */ = {isa = PBXFileReference; fileEncoding = 4; lastKnownFileType = sourcecode.c.h; path = cpSimpleMotor.h; sourceTree = "<group>"; };
		9A8CE4EA12B34D5F005E84F6 /* cpSlideJoint.h */ = {isa = PBXFileReference; fileEncoding = 4; lastKnownFileType = sourcecode.c.h; path = cpSlideJoint.h; sourceTree = "<group>"; };
		9A8CE4EB12B34D5F005E84F6 /* util.h */ = {isa = PBXFileReference; fileEncoding = 4; lastKnownFileType = sourcecode.c.h; path = util.h; sourceTree = "<group>"; };
		9A8CE4EC12B34D5F005E84F6 /* cpArbiter.h */ = {isa = PBXFileReference; fileEncoding = 4; lastKnownFileType = sourcecode.c.h; path = cpArbiter.h; sourceTree = "<group>"; };
		9A8CE4ED12B34D5F005E84F6 /* cpArray.h */ = {isa = PBXFileReference; fileEncoding = 4; lastKnownFileType = sourcecode.c.h; path = cpArray.h; sourceTree = "<group>"; };
		9A8CE4EE12B34D5F005E84F6 /* cpBB.h */ = {isa = PBXFileReference; fileEncoding = 4; lastKnownFileType = sourcecode.c.h; path = cpBB.h; sourceTree = "<group>"; };
		9A8CE4EF12B34D5F005E84F6 /* cpBody.h */ = {isa = PBXFileReference; fileEncoding = 4; lastKnownFileType = sourcecode.c.h; path = cpBody.h; sourceTree = "<group>"; };
		9A8CE4F012B34D5F005E84F6 /* cpCollision.h */ = {isa = PBXFileReference; fileEncoding = 4; lastKnownFileType = sourcecode.c.h; path = cpCollision.h; sourceTree = "<group>"; };
		9A8CE4F112B34D5F005E84F6 /* cpHashSet.h */ = {isa = PBXFileReference; fileEncoding = 4; lastKnownFileType = sourcecode.c.h; path = cpHashSet.h; sourceTree = "<group>"; };
		9A8CE4F212B34D5F005E84F6 /* cpPolyShape.h */ = {isa = PBXFileReference; fileEncoding = 4; lastKnownFileType = sourcecode.c.h; path = cpPolyShape.h; sourceTree = "<group>"; };
		9A8CE4F312B34D5F005E84F6 /* cpShape.h */ = {isa = PBXFileReference; fileEncoding = 4; lastKnownFileType = sourcecode.c.h; path = cpShape.h; sourceTree = "<group>"; };
		9A8CE4F412B34D5F005E84F6 /* cpSpace.h */ = {isa = PBXFileReference; fileEncoding = 4; lastKnownFileType = sourcecode.c.h; path = cpSpace.h; sourceTree = "<group>"; };
		9A8CE4F512B34D5F005E84F6 /* cpSpaceHash.h */ = {isa = PBXFileReference; fileEncoding = 4; lastKnownFileType = sourcecode.c.h; path = cpSpaceHash.h; sourceTree = "<group>"; };
		9A8CE4F612B34D5F005E84F6 /* cpVect.h */ = {isa = PBXFileReference; fileEncoding = 4; lastKnownFileType = sourcecode.c.h; path = cpVect.h; sourceTree = "<group>"; };
		9A8CE4F712B34D7F005E84F6 /* libChipmunk.a */ = {isa = PBXFileReference; lastKnownFileType = archive.ar; path = libChipmunk.a; sourceTree = "<group>"; };
		9A8CE52E12B3EB84005E84F6 /* TWMacPlayerItem.h */ = {isa = PBXFileReference; fileEncoding = 4; lastKnownFileType = sourcecode.c.h; path = TWMacPlayerItem.h; sourceTree = "<group>"; };
		9A8CE52F12B3EB84005E84F6 /* TWMacPlayerItem.m */ = {isa = PBXFileReference; fileEncoding = 4; lastKnownFileType = sourcecode.c.objc; path = TWMacPlayerItem.m; sourceTree = "<group>"; };
		9A8CE5A812B3F981005E84F6 /* TWGameDelegate.h */ = {isa = PBXFileReference; fileEncoding = 4; lastKnownFileType = sourcecode.c.h; path = TWGameDelegate.h; sourceTree = "<group>"; };
		9AC9421112D99F4300189772 /* TWBullet.h */ = {isa = PBXFileReference; fileEncoding = 4; lastKnownFileType = sourcecode.c.h; path = TWBullet.h; sourceTree = "<group>"; };
		9AC9421212D99F4300189772 /* TWBullet.m */ = {isa = PBXFileReference; fileEncoding = 4; lastKnownFileType = sourcecode.c.objc; path = TWBullet.m; sourceTree = "<group>"; };
		9AE73B3312D9223B007440C2 /* TWMacGameWindowController.h */ = {isa = PBXFileReference; fileEncoding = 4; lastKnownFileType = sourcecode.c.h; path = TWMacGameWindowController.h; sourceTree = "<group>"; };
		9AE73B3412D9223B007440C2 /* TWMacGameWindowController.m */ = {isa = PBXFileReference; fileEncoding = 4; lastKnownFileType = sourcecode.c.objc; path = TWMacGameWindowController.m; sourceTree = "<group>"; };
/* End PBXFileReference section */

/* Begin PBXFrameworksBuildPhase section */
		8D11072E0486CEB800E47090 /* Frameworks */ = {
			isa = PBXFrameworksBuildPhase;
			buildActionMask = 2147483647;
			files = (
				8D11072F0486CEB800E47090 /* Cocoa.framework in Frameworks */,
				9A8CE4F812B34D7F005E84F6 /* libChipmunk.a in Frameworks */,
			);
			runOnlyForDeploymentPostprocessing = 0;
		};
/* End PBXFrameworksBuildPhase section */

/* Begin PBXGroup section */
		080E96DDFE201D6D7F000001 /* Classes */ = {
			isa = PBXGroup;
			children = (
				9A8CE51F12B3DECF005E84F6 /* Mac */,
				8B07B73A12B2A68A00D25603 /* Networking */,
				8B07B73E12B2A78600D25603 /* Game */,
			);
			path = Classes;
			sourceTree = "<group>";
		};
		1058C7A0FEA54F0111CA2CBB /* Linked Frameworks */ = {
			isa = PBXGroup;
			children = (
				1058C7A1FEA54F0111CA2CBB /* Cocoa.framework */,
			);
			name = "Linked Frameworks";
			sourceTree = "<group>";
		};
		1058C7A2FEA54F0111CA2CBB /* Other Frameworks */ = {
			isa = PBXGroup;
			children = (
				9A8CE4F712B34D7F005E84F6 /* libChipmunk.a */,
				29B97324FDCFA39411CA2CEA /* AppKit.framework */,
				13E42FB307B3F0F600E4EEF1 /* CoreData.framework */,
				29B97325FDCFA39411CA2CEA /* Foundation.framework */,
			);
			name = "Other Frameworks";
			sourceTree = "<group>";
		};
		19C28FACFE9D520D11CA2CBB /* Products */ = {
			isa = PBXGroup;
			children = (
				8D1107320486CEB800E47090 /* TankWars.app */,
			);
			name = Products;
			sourceTree = "<group>";
		};
		29B97314FDCFA39411CA2CEA /* TankWars */ = {
			isa = PBXGroup;
			children = (
				080E96DDFE201D6D7F000001 /* Classes */,
				9A8CE4D612B34D3D005E84F6 /* External */,
				29B97315FDCFA39411CA2CEA /* Other Sources */,
				29B97317FDCFA39411CA2CEA /* Resources */,
				29B97323FDCFA39411CA2CEA /* Frameworks */,
				19C28FACFE9D520D11CA2CBB /* Products */,
			);
			name = TankWars;
			sourceTree = "<group>";
		};
		29B97315FDCFA39411CA2CEA /* Other Sources */ = {
			isa = PBXGroup;
			children = (
				256AC3F00F4B6AF500CF3369 /* TankWars_Prefix.pch */,
				29B97316FDCFA39411CA2CEA /* main.m */,
			);
			name = "Other Sources";
			sourceTree = "<group>";
		};
		29B97317FDCFA39411CA2CEA /* Resources */ = {
			isa = PBXGroup;
			children = (
				8D1107310486CEB800E47090 /* TankWars-Info.plist */,
				089C165DFE840E0CC02AAC07 /* InfoPlist.strings */,
				1DDD58150DA1D0A300B32029 /* MainMenu.xib */,
			);
			name = Resources;
			sourceTree = "<group>";
		};
		29B97323FDCFA39411CA2CEA /* Frameworks */ = {
			isa = PBXGroup;
			children = (
				1058C7A0FEA54F0111CA2CBB /* Linked Frameworks */,
				1058C7A2FEA54F0111CA2CBB /* Other Frameworks */,
			);
			name = Frameworks;
			sourceTree = "<group>";
		};
		8B07B73A12B2A68A00D25603 /* Networking */ = {
			isa = PBXGroup;
			children = (
				8B07B73812B2A68300D25603 /* TWServerDelegate.h */,
				9A72AC1B12B2861900AD9F2F /* TWServer.h */,
				9A72AC1C12B2861900AD9F2F /* TWServer.m */,
				8B4257D312B2A0BC0047DC53 /* TWConnectionDelegate.h */,
				8B9B99FE12B29C6700C5B3B2 /* TWConnection.h */,
				8B9B99FF12B29C6700C5B3B2 /* TWConnection.m */,
			);
			name = Networking;
			sourceTree = "<group>";
		};
		8B07B73E12B2A78600D25603 /* Game */ = {
			isa = PBXGroup;
			children = (
				9A8CE5A812B3F981005E84F6 /* TWGameDelegate.h */,
				9A77E82212DA712E00CB4938 /* TWCollisionTypes.h */,
				8B07B73B12B2A77F00D25603 /* TWGame.h */,
				8B07B73C12B2A77F00D25603 /* TWGame.m */,
				8B07B73F12B2A7BB00D25603 /* TWPlayer.h */,
				8B07B74012B2A7BB00D25603 /* TWPlayer.m */,
				9AC9421112D99F4300189772 /* TWBullet.h */,
				9AC9421212D99F4300189772 /* TWBullet.m */,
			);
			name = Game;
			sourceTree = "<group>";
		};
		9A8CE4D612B34D3D005E84F6 /* External */ = {
			isa = PBXGroup;
			children = (
				9A8CE4D912B34D5F005E84F6 /* chipmunk */,
			);
			path = External;
			sourceTree = "<group>";
		};
		9A8CE4D912B34D5F005E84F6 /* chipmunk */ = {
			isa = PBXGroup;
			children = (
				9A8CE4DA12B34D5F005E84F6 /* chipmunk.h */,
				9A8CE4DB12B34D5F005E84F6 /* chipmunk_ffi.h */,
				9A8CE4DC12B34D5F005E84F6 /* chipmunk_private.h */,
				9A8CE4DD12B34D5F005E84F6 /* chipmunk_types.h */,
				9A8CE4DE12B34D5F005E84F6 /* chipmunk_unsafe.h */,
				9A8CE4DF12B34D5F005E84F6 /* constraints */,
				9A8CE4EC12B34D5F005E84F6 /* cpArbiter.h */,
				9A8CE4ED12B34D5F005E84F6 /* cpArray.h */,
				9A8CE4EE12B34D5F005E84F6 /* cpBB.h */,
				9A8CE4EF12B34D5F005E84F6 /* cpBody.h */,
				9A8CE4F012B34D5F005E84F6 /* cpCollision.h */,
				9A8CE4F112B34D5F005E84F6 /* cpHashSet.h */,
				9A8CE4F212B34D5F005E84F6 /* cpPolyShape.h */,
				9A8CE4F312B34D5F005E84F6 /* cpShape.h */,
				9A8CE4F412B34D5F005E84F6 /* cpSpace.h */,
				9A8CE4F512B34D5F005E84F6 /* cpSpaceHash.h */,
				9A8CE4F612B34D5F005E84F6 /* cpVect.h */,
			);
			path = chipmunk;
			sourceTree = "<group>";
		};
		9A8CE4DF12B34D5F005E84F6 /* constraints */ = {
			isa = PBXGroup;
			children = (
				9A8CE4E012B34D5F005E84F6 /* cpConstraint.h */,
				9A8CE4E112B34D5F005E84F6 /* cpDampedRotarySpring.h */,
				9A8CE4E212B34D5F005E84F6 /* cpDampedSpring.h */,
				9A8CE4E312B34D5F005E84F6 /* cpGearJoint.h */,
				9A8CE4E412B34D5F005E84F6 /* cpGrooveJoint.h */,
				9A8CE4E512B34D5F005E84F6 /* cpPinJoint.h */,
				9A8CE4E612B34D5F005E84F6 /* cpPivotJoint.h */,
				9A8CE4E712B34D5F005E84F6 /* cpRatchetJoint.h */,
				9A8CE4E812B34D5F005E84F6 /* cpRotaryLimitJoint.h */,
				9A8CE4E912B34D5F005E84F6 /* cpSimpleMotor.h */,
				9A8CE4EA12B34D5F005E84F6 /* cpSlideJoint.h */,
				9A8CE4EB12B34D5F005E84F6 /* util.h */,
			);
			path = constraints;
			sourceTree = "<group>";
		};
		9A8CE51F12B3DECF005E84F6 /* Mac */ = {
			isa = PBXGroup;
			children = (
				256AC3D80F4B6AC300CF3369 /* TWMacAppDelegate.h */,
				256AC3D90F4B6AC300CF3369 /* TWMacAppDelegate.m */,
				9A8CE52E12B3EB84005E84F6 /* TWMacPlayerItem.h */,
				9A8CE52F12B3EB84005E84F6 /* TWMacPlayerItem.m */,
				9A04AC3312B4882800664CAD /* TWMacGameView.h */,
				9A04AC3412B4882800664CAD /* TWMacGameView.m */,
				9AE73B3312D9223B007440C2 /* TWMacGameWindowController.h */,
				9AE73B3412D9223B007440C2 /* TWMacGameWindowController.m */,
			);
			name = Mac;
			sourceTree = "<group>";
		};
/* End PBXGroup section */

/* Begin PBXNativeTarget section */
		8D1107260486CEB800E47090 /* TankWars */ = {
			isa = PBXNativeTarget;
			buildConfigurationList = C01FCF4A08A954540054247B /* Build configuration list for PBXNativeTarget "TankWars" */;
			buildPhases = (
				8D1107290486CEB800E47090 /* Resources */,
				8D11072C0486CEB800E47090 /* Sources */,
				8D11072E0486CEB800E47090 /* Frameworks */,
			);
			buildRules = (
			);
			dependencies = (
			);
			name = TankWars;
			productInstallPath = "$(HOME)/Applications";
			productName = TankWars;
			productReference = 8D1107320486CEB800E47090 /* TankWars.app */;
			productType = "com.apple.product-type.application";
		};
/* End PBXNativeTarget section */

/* Begin PBXProject section */
		29B97313FDCFA39411CA2CEA /* Project object */ = {
			isa = PBXProject;
			attributes = {
				ORGANIZATIONNAME = "Cory Kilger";
			};
			buildConfigurationList = C01FCF4E08A954540054247B /* Build configuration list for PBXProject "TankWars" */;
			compatibilityVersion = "Xcode 3.1";
			developmentRegion = English;
			hasScannedForEncodings = 1;
			knownRegions = (
				English,
				Japanese,
				French,
				German,
			);
			mainGroup = 29B97314FDCFA39411CA2CEA /* TankWars */;
			projectDirPath = "";
			projectRoot = "";
			targets = (
				8D1107260486CEB800E47090 /* TankWars */,
			);
		};
/* End PBXProject section */

/* Begin PBXResourcesBuildPhase section */
		8D1107290486CEB800E47090 /* Resources */ = {
			isa = PBXResourcesBuildPhase;
			buildActionMask = 2147483647;
			files = (
				8B07B78712B2B26900D25603 /* InfoPlist.strings in Resources */,
				8B07B78612B2B26300D25603 /* MainMenu.xib in Resources */,
			);
			runOnlyForDeploymentPostprocessing = 0;
		};
/* End PBXResourcesBuildPhase section */

/* Begin PBXSourcesBuildPhase section */
		8D11072C0486CEB800E47090 /* Sources */ = {
			isa = PBXSourcesBuildPhase;
			buildActionMask = 2147483647;
			files = (
				8D11072D0486CEB800E47090 /* main.m in Sources */,
				256AC3DA0F4B6AC300CF3369 /* TWMacAppDelegate.m in Sources */,
				9A72AC1D12B2861900AD9F2F /* TWServer.m in Sources */,
				8B9B9A0012B29C6700C5B3B2 /* TWConnection.m in Sources */,
				8B07B73D12B2A77F00D25603 /* TWGame.m in Sources */,
				8B07B74112B2A7BB00D25603 /* TWPlayer.m in Sources */,
				9A8CE53012B3EB84005E84F6 /* TWMacPlayerItem.m in Sources */,
				9A04AC3512B4882800664CAD /* TWMacGameView.m in Sources */,
				9AE73B3512D9223B007440C2 /* TWMacGameWindowController.m in Sources */,
				9AC9421312D99F4300189772 /* TWBullet.m in Sources */,
			);
			runOnlyForDeploymentPostprocessing = 0;
		};
/* End PBXSourcesBuildPhase section */

/* Begin XCBuildConfiguration section */
		C01FCF4B08A954540054247B /* Debug */ = {
			isa = XCBuildConfiguration;
			buildSettings = {
				ALWAYS_SEARCH_USER_PATHS = NO;
				COPY_PHASE_STRIP = NO;
				GCC_DYNAMIC_NO_PIC = NO;
				GCC_ENABLE_FIX_AND_CONTINUE = YES;
				GCC_MODEL_TUNING = G5;
				GCC_OPTIMIZATION_LEVEL = 0;
				GCC_PRECOMPILE_PREFIX_HEADER = YES;
				GCC_PREFIX_HEADER = TankWars_Prefix.pch;
				GCC_VERSION = com.apple.compilers.llvm.clang.1_0;
				INFOPLIST_FILE = "TankWars-Info.plist";
				INSTALL_PATH = "$(HOME)/Applications";
				LIBRARY_SEARCH_PATHS = (
					"$(inherited)",
					"\"$(SRCROOT)\"",
				);
				OTHER_CFLAGS = (
					"-Xclang",
					"-fobjc-nonfragile-abi2",
				);
				PRODUCT_NAME = TankWars;
			};
			name = Debug;
		};
		C01FCF4C08A954540054247B /* Release */ = {
			isa = XCBuildConfiguration;
			buildSettings = {
				ALWAYS_SEARCH_USER_PATHS = NO;
				DEBUG_INFORMATION_FORMAT = "dwarf-with-dsym";
				GCC_MODEL_TUNING = G5;
				GCC_PRECOMPILE_PREFIX_HEADER = YES;
				GCC_PREFIX_HEADER = TankWars_Prefix.pch;
				GCC_VERSION = com.apple.compilers.llvm.clang.1_0;
				INFOPLIST_FILE = "TankWars-Info.plist";
				INSTALL_PATH = "$(HOME)/Applications";
				LIBRARY_SEARCH_PATHS = (
					"$(inherited)",
					"\"$(SRCROOT)\"",
				);
				OTHER_CFLAGS = (
					"-Xclang",
					"-fobjc-nonfragile-abi2",
				);
				PRODUCT_NAME = TankWars;
			};
			name = Release;
		};
		C01FCF4F08A954540054247B /* Debug */ = {
			isa = XCBuildConfiguration;
			buildSettings = {
				ARCHS = "$(ARCHS_STANDARD_32_64_BIT)";
				GCC_C_LANGUAGE_STANDARD = gnu99;
				GCC_OPTIMIZATION_LEVEL = 0;
				GCC_VERSION = com.apple.compilers.llvm.clang.1_0;
				GCC_WARN_ABOUT_RETURN_TYPE = YES;
				GCC_WARN_UNUSED_VARIABLE = YES;
				MACOSX_DEPLOYMENT_TARGET = 10.6;
				ONLY_ACTIVE_ARCH = YES;
				PREBINDING = NO;
				SDKROOT = macosx10.6;
			};
			name = Debug;
		};
		C01FCF5008A954540054247B /* Release */ = {
			isa = XCBuildConfiguration;
			buildSettings = {
				ARCHS = "$(ARCHS_STANDARD_32_64_BIT)";
				GCC_C_LANGUAGE_STANDARD = gnu99;
				GCC_WARN_ABOUT_RETURN_TYPE = YES;
				GCC_WARN_UNUSED_VARIABLE = YES;
				MACOSX_DEPLOYMENT_TARGET = 10.6;
				PREBINDING = NO;
				SDKROOT = macosx10.6;
			};
			name = Release;
		};
/* End XCBuildConfiguration section */

/* Begin XCConfigurationList section */
		C01FCF4A08A954540054247B /* Build configuration list for PBXNativeTarget "TankWars" */ = {
			isa = XCConfigurationList;
			buildConfigurations = (
				C01FCF4B08A954540054247B /* Debug */,
				C01FCF4C08A954540054247B /* Release */,
			);
			defaultConfigurationIsVisible = 0;
			defaultConfigurationName = Release;
		};
		C01FCF4E08A954540054247B /* Build configuration list for PBXProject "TankWars" */ = {
			isa = XCConfigurationList;
			buildConfigurations = (
				C01FCF4F08A954540054247B /* Debug */,
				C01FCF5008A954540054247B /* Release */,
			);
			defaultConfigurationIsVisible = 0;
			defaultConfigurationName = Release;
		};
/* End XCConfigurationList section */
	};
	rootObject = 29B97313FDCFA39411CA2CEA /* Project object */;
}
